
Microsoft Visual Studio Solution File, Format Version 12.00
# Visual Studio 15
VisualStudioVersion = 15.0.26730.15
MinimumVisualStudioVersion = 10.0.40219.1
Project("{9A19103F-16F7-4668-BE54-9A1E7A4F7556}") = "IdentityServer", "IdentityServer.csproj", "{BF352980-B365-4F32-B1AE-9E2CBF58CA1D}"
EndProject
Project("{9A19103F-16F7-4668-BE54-9A1E7A4F7556}") = "WebApplication", "WebApplication\WebApplication.csproj", "{A3208EBF-B42C-47A6-A85E-1DCF310EF482}"
EndProject
Project("{9A19103F-16F7-4668-BE54-9A1E7A4F7556}") = "APIApplication", "APIApplication\APIApplication.csproj", "{CD26DA78-E8A9-4736-9197-74542464C9AC}"
EndProject
Global
	GlobalSection(SolutionConfigurationPlatforms) = preSolution
		Debug|Any CPU = Debug|Any CPU
		Release|Any CPU = Release|Any CPU
	EndGlobalSection
	GlobalSection(ProjectConfigurationPlatforms) = postSolution
		{BF352980-B365-4F32-B1AE-9E2CBF58CA1D}.Debug|Any CPU.ActiveCfg = Debug|Any CPU
		{BF352980-B365-4F32-B1AE-9E2CBF58CA1D}.Debug|Any CPU.Build.0 = Debug|Any CPU
		{BF352980-B365-4F32-B1AE-9E2CBF58CA1D}.Release|Any CPU.ActiveCfg = Release|Any CPU
		{BF352980-B365-4F32-B1AE-9E2CBF58CA1D}.Release|Any CPU.Build.0 = Release|Any CPU
		{A3208EBF-B42C-47A6-A85E-1DCF310EF482}.Debug|Any CPU.ActiveCfg = Debug|Any CPU
		{A3208EBF-B42C-47A6-A85E-1DCF310EF482}.Debug|Any CPU.Build.0 = Debug|Any CPU
		{A3208EBF-B42C-47A6-A85E-1DCF310EF482}.Release|Any CPU.ActiveCfg = Release|Any CPU
		{A3208EBF-B42C-47A6-A85E-1DCF310EF482}.Release|Any CPU.Build.0 = Release|Any CPU
		{CD26DA78-E8A9-4736-9197-74542464C9AC}.Debug|Any CPU.ActiveCfg = Debug|Any CPU
		{CD26DA78-E8A9-4736-9197-74542464C9AC}.Debug|Any CPU.Build.0 = Debug|Any CPU
		{CD26DA78-E8A9-4736-9197-74542464C9AC}.Release|Any CPU.ActiveCfg = Release|Any CPU
		{CD26DA78-E8A9-4736-9197-74542464C9AC}.Release|Any CPU.Build.0 = Release|Any CPU
	EndGlobalSection
	GlobalSection(SolutionProperties) = preSolution
		HideSolutionNode = FALSE
	EndGlobalSection
	GlobalSection(ExtensibilityGlobals) = postSolution
		SolutionGuid = {43B77F96-E3E4-414C-B22E-18BD5ADEB2D9}
	EndGlobalSection
EndGlobal
